// !$*UTF8*$!
{
	archiveVersion = 1;
	classes = {
	};
	objectVersion = 46;
	objects = {

/* Begin PBXBuildFile section */
		0C0ADADB1C8F4A62004D8901 /* Provider.swift in Sources */ = {isa = PBXBuildFile; fileRef = 0C0ADADA1C8F4A62004D8901 /* Provider.swift */; };
		0C0ADADD1C8F52B7004D8901 /* lgo-eventy1.png in Resources */ = {isa = PBXBuildFile; fileRef = 0C0ADADC1C8F52B7004D8901 /* lgo-eventy1.png */; };
		0C0ADAE11C8F5441004D8901 /* logo.png in Resources */ = {isa = PBXBuildFile; fileRef = 0C0ADAE01C8F5441004D8901 /* logo.png */; };
		0C0ADAE31C8F56D3004D8901 /* rsz_facebook.png in Resources */ = {isa = PBXBuildFile; fileRef = 0C0ADAE21C8F56D3004D8901 /* rsz_facebook.png */; };
		0C0ADAE51C8F7B24004D8901 /* EVRegisterViewController.swift in Sources */ = {isa = PBXBuildFile; fileRef = 0C0ADAE41C8F7B24004D8901 /* EVRegisterViewController.swift */; };
		0C4109971C9B156000968DE2 /* EVHomeViewController.swift in Sources */ = {isa = PBXBuildFile; fileRef = 0C4109961C9B156000968DE2 /* EVHomeViewController.swift */; };
		0C4CB2A91D383577003F686B /* delete-user-outlined-interface-symbol.png in Resources */ = {isa = PBXBuildFile; fileRef = 0C4CB2A71D383577003F686B /* delete-user-outlined-interface-symbol.png */; };
		0C4CB2AA1D383577003F686B /* internet.png in Resources */ = {isa = PBXBuildFile; fileRef = 0C4CB2A81D383577003F686B /* internet.png */; };
		0C4CB2AC1D3872DD003F686B /* like.png in Resources */ = {isa = PBXBuildFile; fileRef = 0C4CB2AB1D3872DD003F686B /* like.png */; };
		0C4CB2B01D387AEA003F686B /* EVLikehoodCollectionViewCell.swift in Sources */ = {isa = PBXBuildFile; fileRef = 0C4CB2AF1D387AEA003F686B /* EVLikehoodCollectionViewCell.swift */; };
		0C4CB2B21D387BB9003F686B /* EVLikehoodViewController.swift in Sources */ = {isa = PBXBuildFile; fileRef = 0C4CB2B11D387BB9003F686B /* EVLikehoodViewController.swift */; };
		0C6C3C1D1C8F483800B9D934 /* AppDelegate.swift in Sources */ = {isa = PBXBuildFile; fileRef = 0C6C3C1C1C8F483800B9D934 /* AppDelegate.swift */; };
		0C6C3C1F1C8F483800B9D934 /* ViewController.swift in Sources */ = {isa = PBXBuildFile; fileRef = 0C6C3C1E1C8F483800B9D934 /* ViewController.swift */; };
		0C6C3C221C8F483800B9D934 /* Main.storyboard in Resources */ = {isa = PBXBuildFile; fileRef = 0C6C3C201C8F483800B9D934 /* Main.storyboard */; };
		0C6C3C241C8F483800B9D934 /* Assets.xcassets in Resources */ = {isa = PBXBuildFile; fileRef = 0C6C3C231C8F483800B9D934 /* Assets.xcassets */; };
		0C6C3C271C8F483800B9D934 /* LaunchScreen.storyboard in Resources */ = {isa = PBXBuildFile; fileRef = 0C6C3C251C8F483800B9D934 /* LaunchScreen.storyboard */; };
		0C6C3C321C8F483800B9D934 /* EventykTests.swift in Sources */ = {isa = PBXBuildFile; fileRef = 0C6C3C311C8F483800B9D934 /* EventykTests.swift */; };
		0C6C3C3D1C8F483800B9D934 /* EventykUITests.swift in Sources */ = {isa = PBXBuildFile; fileRef = 0C6C3C3C1C8F483800B9D934 /* EventykUITests.swift */; };
		0C6C872E1D36BA85000AD753 /* eventyk_login.png in Resources */ = {isa = PBXBuildFile; fileRef = 0C6C872D1D36BA85000AD753 /* eventyk_login.png */; };
		0C780EDE1C90FB1A003C9930 /* FBSDKCoreKit.framework in Frameworks */ = {isa = PBXBuildFile; fileRef = 0C780ED11C90DE29003C9930 /* FBSDKCoreKit.framework */; };
		0C780EDF1C90FB1A003C9930 /* FBSDKLoginKit.framework in Frameworks */ = {isa = PBXBuildFile; fileRef = 0C780ED31C90DE37003C9930 /* FBSDKLoginKit.framework */; };
		0C780EE01C90FB1A003C9930 /* FBSDKShareKit.framework in Frameworks */ = {isa = PBXBuildFile; fileRef = 0C780ED51C90DE44003C9930 /* FBSDKShareKit.framework */; };
		0C8C56E71D1EFC5000C683FB /* EVDetailsViewController.swift in Sources */ = {isa = PBXBuildFile; fileRef = 0C8C56E61D1EFC5000C683FB /* EVDetailsViewController.swift */; };
		0C933A531D3814FF008489FA /* calendar.png in Resources */ = {isa = PBXBuildFile; fileRef = 0C933A521D3814FF008489FA /* calendar.png */; };
		0C9A28221D3AA67F002BCDD3 /* ArteyCultura.png in Resources */ = {isa = PBXBuildFile; fileRef = 0C9A28161D3AA67F002BCDD3 /* ArteyCultura.png */; };
		0C9A28231D3AA67F002BCDD3 /* Cine.png in Resources */ = {isa = PBXBuildFile; fileRef = 0C9A28171D3AA67F002BCDD3 /* Cine.png */; };
		0C9A28241D3AA67F002BCDD3 /* Deportes.png in Resources */ = {isa = PBXBuildFile; fileRef = 0C9A28181D3AA67F002BCDD3 /* Deportes.png */; };
		0C9A28251D3AA67F002BCDD3 /* Espectaculos.png in Resources */ = {isa = PBXBuildFile; fileRef = 0C9A28191D3AA67F002BCDD3 /* Espectaculos.png */; };
		0C9A28261D3AA67F002BCDD3 /* Expo.png in Resources */ = {isa = PBXBuildFile; fileRef = 0C9A281A1D3AA67F002BCDD3 /* Expo.png */; };
		0C9A28271D3AA67F002BCDD3 /* Festival.png in Resources */ = {isa = PBXBuildFile; fileRef = 0C9A281B1D3AA67F002BCDD3 /* Festival.png */; };
		0C9A28281D3AA67F002BCDD3 /* Fiesta.png in Resources */ = {isa = PBXBuildFile; fileRef = 0C9A281C1D3AA67F002BCDD3 /* Fiesta.png */; };
		0C9A28291D3AA67F002BCDD3 /* Runner.png in Resources */ = {isa = PBXBuildFile; fileRef = 0C9A281D1D3AA67F002BCDD3 /* Runner.png */; };
		0C9A282A1D3AA67F002BCDD3 /* Ryder.png in Resources */ = {isa = PBXBuildFile; fileRef = 0C9A281E1D3AA67F002BCDD3 /* Ryder.png */; };
		0C9A282B1D3AA67F002BCDD3 /* Seminario.png in Resources */ = {isa = PBXBuildFile; fileRef = 0C9A281F1D3AA67F002BCDD3 /* Seminario.png */; };
		0C9A282C1D3AA67F002BCDD3 /* Social.png in Resources */ = {isa = PBXBuildFile; fileRef = 0C9A28201D3AA67F002BCDD3 /* Social.png */; };
		0C9A282D1D3AA67F002BCDD3 /* Teatro.png in Resources */ = {isa = PBXBuildFile; fileRef = 0C9A28211D3AA67F002BCDD3 /* Teatro.png */; };
		0C9A282F1D3AB663002BCDD3 /* EVLikehoodEventViewController.swift in Sources */ = {isa = PBXBuildFile; fileRef = 0C9A282E1D3AB663002BCDD3 /* EVLikehoodEventViewController.swift */; };
		0C9C75631CA216030011571C /* EVHomeTableViewCell.swift in Sources */ = {isa = PBXBuildFile; fileRef = 0C9C75621CA216030011571C /* EVHomeTableViewCell.swift */; };
		0CCAF2391D3BE0F20083438C /* users.png in Resources */ = {isa = PBXBuildFile; fileRef = 0CCAF2381D3BE0F20083438C /* users.png */; };
		0CCAF23B1D3BE6430083438C /* EVProfileViewController.swift in Sources */ = {isa = PBXBuildFile; fileRef = 0CCAF23A1D3BE6430083438C /* EVProfileViewController.swift */; };
		0CCAF23D1D3BF2240083438C /* EVProfileTableViewCell.swift in Sources */ = {isa = PBXBuildFile; fileRef = 0CCAF23C1D3BF2240083438C /* EVProfileTableViewCell.swift */; };
		0CCAF2431D3C37EB0083438C /* EVParticipantsViewController.swift in Sources */ = {isa = PBXBuildFile; fileRef = 0CCAF2421D3C37EB0083438C /* EVParticipantsViewController.swift */; };
		0CD9BFC01C9777E90012F434 /* Friend.swift in Sources */ = {isa = PBXBuildFile; fileRef = 0CD9BFBF1C9777E90012F434 /* Friend.swift */; };
		0CECEA101D1CCDC40008CA2A /* QuartzCore.framework in Frameworks */ = {isa = PBXBuildFile; fileRef = 0CECEA0F1D1CCDC40008CA2A /* QuartzCore.framework */; };
		0CF2BA931D37200D00F202B7 /* eventyk_register.png in Resources */ = {isa = PBXBuildFile; fileRef = 0CF2BA921D37200D00F202B7 /* eventyk_register.png */; };
		0CF2BA961D3727C900F202B7 /* login_wall.jpg in Resources */ = {isa = PBXBuildFile; fileRef = 0CF2BA951D3727C900F202B7 /* login_wall.jpg */; };
		0CFCD5D81C9605E000BD878C /* User.swift in Sources */ = {isa = PBXBuildFile; fileRef = 0CFCD5D71C9605E000BD878C /* User.swift */; };
		0CFCD5DA1C96144900BD878C /* Preference.swift in Sources */ = {isa = PBXBuildFile; fileRef = 0CFCD5D91C96144900BD878C /* Preference.swift */; };
		0CFCD5DC1C961C5A00BD878C /* Evento.swift in Sources */ = {isa = PBXBuildFile; fileRef = 0CFCD5DB1C961C5A00BD878C /* Evento.swift */; };
		0CFCD5DE1C96216500BD878C /* Recomendation.swift in Sources */ = {isa = PBXBuildFile; fileRef = 0CFCD5DD1C96216500BD878C /* Recomendation.swift */; };
		C998CC515DE41C2CEA4DF742 /* Pods.framework in Frameworks */ = {isa = PBXBuildFile; fileRef = 832E42A3DDDB4E1B79D2A09C /* Pods.framework */; };
/* End PBXBuildFile section */

/* Begin PBXContainerItemProxy section */
		0C6C3C2E1C8F483800B9D934 /* PBXContainerItemProxy */ = {
			isa = PBXContainerItemProxy;
			containerPortal = 0C6C3C111C8F483800B9D934 /* Project object */;
			proxyType = 1;
			remoteGlobalIDString = 0C6C3C181C8F483800B9D934;
			remoteInfo = Eventyk;
		};
		0C6C3C391C8F483800B9D934 /* PBXContainerItemProxy */ = {
			isa = PBXContainerItemProxy;
			containerPortal = 0C6C3C111C8F483800B9D934 /* Project object */;
			proxyType = 1;
			remoteGlobalIDString = 0C6C3C181C8F483800B9D934;
			remoteInfo = Eventyk;
		};
/* End PBXContainerItemProxy section */

/* Begin PBXFileReference section */
		0C0ADADA1C8F4A62004D8901 /* Provider.swift */ = {isa = PBXFileReference; fileEncoding = 4; lastKnownFileType = sourcecode.swift; path = Provider.swift; sourceTree = "<group>"; };
		0C0ADADC1C8F52B7004D8901 /* lgo-eventy1.png */ = {isa = PBXFileReference; lastKnownFileType = image.png; name = "lgo-eventy1.png"; path = "Assets.xcassets/lgo-eventy1.png"; sourceTree = "<group>"; };
		0C0ADAE01C8F5441004D8901 /* logo.png */ = {isa = PBXFileReference; lastKnownFileType = image.png; name = logo.png; path = Assets.xcassets/logo.png; sourceTree = "<group>"; };
		0C0ADAE21C8F56D3004D8901 /* rsz_facebook.png */ = {isa = PBXFileReference; lastKnownFileType = image.png; name = rsz_facebook.png; path = Assets.xcassets/rsz_facebook.png; sourceTree = "<group>"; };
		0C0ADAE41C8F7B24004D8901 /* EVRegisterViewController.swift */ = {isa = PBXFileReference; fileEncoding = 4; lastKnownFileType = sourcecode.swift; path = EVRegisterViewController.swift; sourceTree = "<group>"; };
		0C4109961C9B156000968DE2 /* EVHomeViewController.swift */ = {isa = PBXFileReference; fileEncoding = 4; lastKnownFileType = sourcecode.swift; path = EVHomeViewController.swift; sourceTree = "<group>"; };
		0C4CB2A71D383577003F686B /* delete-user-outlined-interface-symbol.png */ = {isa = PBXFileReference; lastKnownFileType = image.png; name = "delete-user-outlined-interface-symbol.png"; path = "Assets.xcassets/delete-user-outlined-interface-symbol.png"; sourceTree = "<group>"; };
		0C4CB2A81D383577003F686B /* internet.png */ = {isa = PBXFileReference; lastKnownFileType = image.png; name = internet.png; path = Assets.xcassets/internet.png; sourceTree = "<group>"; };
		0C4CB2AB1D3872DD003F686B /* like.png */ = {isa = PBXFileReference; lastKnownFileType = image.png; name = like.png; path = Assets.xcassets/like.png; sourceTree = "<group>"; };
		0C4CB2AF1D387AEA003F686B /* EVLikehoodCollectionViewCell.swift */ = {isa = PBXFileReference; fileEncoding = 4; lastKnownFileType = sourcecode.swift; path = EVLikehoodCollectionViewCell.swift; sourceTree = "<group>"; };
		0C4CB2B11D387BB9003F686B /* EVLikehoodViewController.swift */ = {isa = PBXFileReference; fileEncoding = 4; lastKnownFileType = sourcecode.swift; path = EVLikehoodViewController.swift; sourceTree = "<group>"; };
		0C6C3C191C8F483800B9D934 /* Eventyk.app */ = {isa = PBXFileReference; explicitFileType = wrapper.application; includeInIndex = 0; path = Eventyk.app; sourceTree = BUILT_PRODUCTS_DIR; };
		0C6C3C1C1C8F483800B9D934 /* AppDelegate.swift */ = {isa = PBXFileReference; lastKnownFileType = sourcecode.swift; path = AppDelegate.swift; sourceTree = "<group>"; };
		0C6C3C1E1C8F483800B9D934 /* ViewController.swift */ = {isa = PBXFileReference; lastKnownFileType = sourcecode.swift; path = ViewController.swift; sourceTree = "<group>"; };
		0C6C3C211C8F483800B9D934 /* Base */ = {isa = PBXFileReference; lastKnownFileType = file.storyboard; name = Base; path = Base.lproj/Main.storyboard; sourceTree = "<group>"; };
		0C6C3C231C8F483800B9D934 /* Assets.xcassets */ = {isa = PBXFileReference; lastKnownFileType = folder.assetcatalog; path = Assets.xcassets; sourceTree = "<group>"; };
		0C6C3C261C8F483800B9D934 /* Base */ = {isa = PBXFileReference; lastKnownFileType = file.storyboard; name = Base; path = Base.lproj/LaunchScreen.storyboard; sourceTree = "<group>"; };
		0C6C3C281C8F483800B9D934 /* Info.plist */ = {isa = PBXFileReference; lastKnownFileType = text.plist.xml; path = Info.plist; sourceTree = "<group>"; };
		0C6C3C2D1C8F483800B9D934 /* EventykTests.xctest */ = {isa = PBXFileReference; explicitFileType = wrapper.cfbundle; includeInIndex = 0; path = EventykTests.xctest; sourceTree = BUILT_PRODUCTS_DIR; };
		0C6C3C311C8F483800B9D934 /* EventykTests.swift */ = {isa = PBXFileReference; lastKnownFileType = sourcecode.swift; path = EventykTests.swift; sourceTree = "<group>"; };
		0C6C3C331C8F483800B9D934 /* Info.plist */ = {isa = PBXFileReference; lastKnownFileType = text.plist.xml; path = Info.plist; sourceTree = "<group>"; };
		0C6C3C381C8F483800B9D934 /* EventykUITests.xctest */ = {isa = PBXFileReference; explicitFileType = wrapper.cfbundle; includeInIndex = 0; path = EventykUITests.xctest; sourceTree = BUILT_PRODUCTS_DIR; };
		0C6C3C3C1C8F483800B9D934 /* EventykUITests.swift */ = {isa = PBXFileReference; lastKnownFileType = sourcecode.swift; path = EventykUITests.swift; sourceTree = "<group>"; };
		0C6C3C3E1C8F483800B9D934 /* Info.plist */ = {isa = PBXFileReference; lastKnownFileType = text.plist.xml; path = Info.plist; sourceTree = "<group>"; };
		0C6C872D1D36BA85000AD753 /* eventyk_login.png */ = {isa = PBXFileReference; lastKnownFileType = image.png; name = eventyk_login.png; path = Assets.xcassets/eventyk_login.png; sourceTree = "<group>"; };
		0C780ECF1C90DE0A003C9930 /* FacebookSDKs-iOS-20160210 */ = {isa = PBXFileReference; lastKnownFileType = folder; path = "FacebookSDKs-iOS-20160210"; sourceTree = "<group>"; };
		0C780ED11C90DE29003C9930 /* FBSDKCoreKit.framework */ = {isa = PBXFileReference; lastKnownFileType = wrapper.framework; name = FBSDKCoreKit.framework; path = "FacebookSDKs-iOS-20160210/FBSDKCoreKit.framework"; sourceTree = "<group>"; };
		0C780ED31C90DE37003C9930 /* FBSDKLoginKit.framework */ = {isa = PBXFileReference; lastKnownFileType = wrapper.framework; name = FBSDKLoginKit.framework; path = "FacebookSDKs-iOS-20160210/FBSDKLoginKit.framework"; sourceTree = "<group>"; };
		0C780ED51C90DE44003C9930 /* FBSDKShareKit.framework */ = {isa = PBXFileReference; lastKnownFileType = wrapper.framework; name = FBSDKShareKit.framework; path = "FacebookSDKs-iOS-20160210/FBSDKShareKit.framework"; sourceTree = "<group>"; };
		0C780ED71C90E057003C9930 /* Bridging-header.h */ = {isa = PBXFileReference; lastKnownFileType = sourcecode.c.h; path = "Bridging-header.h"; sourceTree = "<group>"; };
		0C780ED81C90FAB0003C9930 /* FBSDKCoreKit.framework */ = {isa = PBXFileReference; lastKnownFileType = wrapper.framework; name = FBSDKCoreKit.framework; path = "../../FacebookSDKs-iOS-20160210/FBSDKCoreKit.framework"; sourceTree = "<group>"; };
		0C780ED91C90FAB0003C9930 /* FBSDKLoginKit.framework */ = {isa = PBXFileReference; lastKnownFileType = wrapper.framework; name = FBSDKLoginKit.framework; path = "../../FacebookSDKs-iOS-20160210/FBSDKLoginKit.framework"; sourceTree = "<group>"; };
		0C780EDA1C90FAB0003C9930 /* FBSDKShareKit.framework */ = {isa = PBXFileReference; lastKnownFileType = wrapper.framework; name = FBSDKShareKit.framework; path = "../../FacebookSDKs-iOS-20160210/FBSDKShareKit.framework"; sourceTree = "<group>"; };
		0C8C56E61D1EFC5000C683FB /* EVDetailsViewController.swift */ = {isa = PBXFileReference; fileEncoding = 4; lastKnownFileType = sourcecode.swift; path = EVDetailsViewController.swift; sourceTree = "<group>"; };
		0C933A521D3814FF008489FA /* calendar.png */ = {isa = PBXFileReference; lastKnownFileType = image.png; name = calendar.png; path = Assets.xcassets/calendar.png; sourceTree = "<group>"; };
		0C9A28161D3AA67F002BCDD3 /* ArteyCultura.png */ = {isa = PBXFileReference; lastKnownFileType = image.png; name = ArteyCultura.png; path = Assets.xcassets/ArteyCultura.png; sourceTree = "<group>"; };
		0C9A28171D3AA67F002BCDD3 /* Cine.png */ = {isa = PBXFileReference; lastKnownFileType = image.png; name = Cine.png; path = Assets.xcassets/Cine.png; sourceTree = "<group>"; };
		0C9A28181D3AA67F002BCDD3 /* Deportes.png */ = {isa = PBXFileReference; lastKnownFileType = image.png; name = Deportes.png; path = Assets.xcassets/Deportes.png; sourceTree = "<group>"; };
		0C9A28191D3AA67F002BCDD3 /* Espectaculos.png */ = {isa = PBXFileReference; lastKnownFileType = image.png; name = Espectaculos.png; path = Assets.xcassets/Espectaculos.png; sourceTree = "<group>"; };
		0C9A281A1D3AA67F002BCDD3 /* Expo.png */ = {isa = PBXFileReference; lastKnownFileType = image.png; name = Expo.png; path = Assets.xcassets/Expo.png; sourceTree = "<group>"; };
		0C9A281B1D3AA67F002BCDD3 /* Festival.png */ = {isa = PBXFileReference; lastKnownFileType = image.png; name = Festival.png; path = Assets.xcassets/Festival.png; sourceTree = "<group>"; };
		0C9A281C1D3AA67F002BCDD3 /* Fiesta.png */ = {isa = PBXFileReference; lastKnownFileType = image.png; name = Fiesta.png; path = Assets.xcassets/Fiesta.png; sourceTree = "<group>"; };
		0C9A281D1D3AA67F002BCDD3 /* Runner.png */ = {isa = PBXFileReference; lastKnownFileType = image.png; name = Runner.png; path = Assets.xcassets/Runner.png; sourceTree = "<group>"; };
		0C9A281E1D3AA67F002BCDD3 /* Ryder.png */ = {isa = PBXFileReference; lastKnownFileType = image.png; name = Ryder.png; path = Assets.xcassets/Ryder.png; sourceTree = "<group>"; };
		0C9A281F1D3AA67F002BCDD3 /* Seminario.png */ = {isa = PBXFileReference; lastKnownFileType = image.png; name = Seminario.png; path = Assets.xcassets/Seminario.png; sourceTree = "<group>"; };
		0C9A28201D3AA67F002BCDD3 /* Social.png */ = {isa = PBXFileReference; lastKnownFileType = image.png; name = Social.png; path = Assets.xcassets/Social.png; sourceTree = "<group>"; };
		0C9A28211D3AA67F002BCDD3 /* Teatro.png */ = {isa = PBXFileReference; lastKnownFileType = image.png; name = Teatro.png; path = Assets.xcassets/Teatro.png; sourceTree = "<group>"; };
		0C9A282E1D3AB663002BCDD3 /* EVLikehoodEventViewController.swift */ = {isa = PBXFileReference; fileEncoding = 4; lastKnownFileType = sourcecode.swift; path = EVLikehoodEventViewController.swift; sourceTree = "<group>"; };
		0C9C75621CA216030011571C /* EVHomeTableViewCell.swift */ = {isa = PBXFileReference; fileEncoding = 4; lastKnownFileType = sourcecode.swift; path = EVHomeTableViewCell.swift; sourceTree = "<group>"; };
		0CCAF2381D3BE0F20083438C /* users.png */ = {isa = PBXFileReference; lastKnownFileType = image.png; name = users.png; path = Assets.xcassets/users.png; sourceTree = "<group>"; };
		0CCAF23A1D3BE6430083438C /* EVProfileViewController.swift */ = {isa = PBXFileReference; fileEncoding = 4; lastKnownFileType = sourcecode.swift; path = EVProfileViewController.swift; sourceTree = "<group>"; };
		0CCAF23C1D3BF2240083438C /* EVProfileTableViewCell.swift */ = {isa = PBXFileReference; fileEncoding = 4; lastKnownFileType = sourcecode.swift; path = EVProfileTableViewCell.swift; sourceTree = "<group>"; };
		0CCAF2421D3C37EB0083438C /* EVParticipantsViewController.swift */ = {isa = PBXFileReference; fileEncoding = 4; lastKnownFileType = sourcecode.swift; path = EVParticipantsViewController.swift; sourceTree = "<group>"; };
		0CD9BFBF1C9777E90012F434 /* Friend.swift */ = {isa = PBXFileReference; fileEncoding = 4; lastKnownFileType = sourcecode.swift; path = Friend.swift; sourceTree = "<group>"; };
		0CECEA0F1D1CCDC40008CA2A /* QuartzCore.framework */ = {isa = PBXFileReference; lastKnownFileType = wrapper.framework; name = QuartzCore.framework; path = System/Library/Frameworks/QuartzCore.framework; sourceTree = SDKROOT; };
		0CF2BA921D37200D00F202B7 /* eventyk_register.png */ = {isa = PBXFileReference; lastKnownFileType = image.png; name = eventyk_register.png; path = Assets.xcassets/eventyk_register.png; sourceTree = "<group>"; };
		0CF2BA951D3727C900F202B7 /* login_wall.jpg */ = {isa = PBXFileReference; lastKnownFileType = image.jpeg; name = login_wall.jpg; path = Assets.xcassets/login_wall.jpg; sourceTree = "<group>"; };
		0CFCD5D71C9605E000BD878C /* User.swift */ = {isa = PBXFileReference; fileEncoding = 4; lastKnownFileType = sourcecode.swift; path = User.swift; sourceTree = "<group>"; };
		0CFCD5D91C96144900BD878C /* Preference.swift */ = {isa = PBXFileReference; fileEncoding = 4; lastKnownFileType = sourcecode.swift; path = Preference.swift; sourceTree = "<group>"; };
		0CFCD5DB1C961C5A00BD878C /* Evento.swift */ = {isa = PBXFileReference; fileEncoding = 4; lastKnownFileType = sourcecode.swift; path = Evento.swift; sourceTree = "<group>"; };
		0CFCD5DD1C96216500BD878C /* Recomendation.swift */ = {isa = PBXFileReference; fileEncoding = 4; lastKnownFileType = sourcecode.swift; path = Recomendation.swift; sourceTree = "<group>"; };
		3894443497805B45367E69EB /* Pods.debug.xcconfig */ = {isa = PBXFileReference; includeInIndex = 1; lastKnownFileType = text.xcconfig; name = Pods.debug.xcconfig; path = "Pods/Target Support Files/Pods/Pods.debug.xcconfig"; sourceTree = "<group>"; };
		832E42A3DDDB4E1B79D2A09C /* Pods.framework */ = {isa = PBXFileReference; explicitFileType = wrapper.framework; includeInIndex = 0; path = Pods.framework; sourceTree = BUILT_PRODUCTS_DIR; };
		F5BD908BBB78BDC42073160C /* Pods.release.xcconfig */ = {isa = PBXFileReference; includeInIndex = 1; lastKnownFileType = text.xcconfig; name = Pods.release.xcconfig; path = "Pods/Target Support Files/Pods/Pods.release.xcconfig"; sourceTree = "<group>"; };
/* End PBXFileReference section */

/* Begin PBXFrameworksBuildPhase section */
		0C6C3C161C8F483800B9D934 /* Frameworks */ = {
			isa = PBXFrameworksBuildPhase;
			buildActionMask = 2147483647;
			files = (
				0CECEA101D1CCDC40008CA2A /* QuartzCore.framework in Frameworks */,
				0C780EDE1C90FB1A003C9930 /* FBSDKCoreKit.framework in Frameworks */,
				0C780EDF1C90FB1A003C9930 /* FBSDKLoginKit.framework in Frameworks */,
				0C780EE01C90FB1A003C9930 /* FBSDKShareKit.framework in Frameworks */,
				C998CC515DE41C2CEA4DF742 /* Pods.framework in Frameworks */,
			);
			runOnlyForDeploymentPostprocessing = 0;
		};
		0C6C3C2A1C8F483800B9D934 /* Frameworks */ = {
			isa = PBXFrameworksBuildPhase;
			buildActionMask = 2147483647;
			files = (
			);
			runOnlyForDeploymentPostprocessing = 0;
		};
		0C6C3C351C8F483800B9D934 /* Frameworks */ = {
			isa = PBXFrameworksBuildPhase;
			buildActionMask = 2147483647;
			files = (
			);
			runOnlyForDeploymentPostprocessing = 0;
		};
/* End PBXFrameworksBuildPhase section */

/* Begin PBXGroup section */
		0C6C3C101C8F483800B9D934 = {
			isa = PBXGroup;
			children = (
				0C6C3C1B1C8F483800B9D934 /* Eventyk */,
				0C6C3C301C8F483800B9D934 /* EventykTests */,
				0C6C3C3B1C8F483800B9D934 /* EventykUITests */,
				0C6C3C1A1C8F483800B9D934 /* Products */,
				2485D761FA36FAEB893A1969 /* Frameworks */,
				C229BA5AA646BA729E44F725 /* Pods */,
			);
			sourceTree = "<group>";
		};
		0C6C3C1A1C8F483800B9D934 /* Products */ = {
			isa = PBXGroup;
			children = (
				0C6C3C191C8F483800B9D934 /* Eventyk.app */,
				0C6C3C2D1C8F483800B9D934 /* EventykTests.xctest */,
				0C6C3C381C8F483800B9D934 /* EventykUITests.xctest */,
			);
			name = Products;
			sourceTree = "<group>";
		};
		0C6C3C1B1C8F483800B9D934 /* Eventyk */ = {
			isa = PBXGroup;
			children = (
				0C6C3C1C1C8F483800B9D934 /* AppDelegate.swift */,
				0C6C3C1E1C8F483800B9D934 /* ViewController.swift */,
				0C4109961C9B156000968DE2 /* EVHomeViewController.swift */,
				0C9C75621CA216030011571C /* EVHomeTableViewCell.swift */,
				0CCAF2421D3C37EB0083438C /* EVParticipantsViewController.swift */,
				0C8C56E61D1EFC5000C683FB /* EVDetailsViewController.swift */,
				0C0ADAE41C8F7B24004D8901 /* EVRegisterViewController.swift */,
				0C4CB2B11D387BB9003F686B /* EVLikehoodViewController.swift */,
				0C4CB2AF1D387AEA003F686B /* EVLikehoodCollectionViewCell.swift */,
				0C9A282E1D3AB663002BCDD3 /* EVLikehoodEventViewController.swift */,
				0CCAF23A1D3BE6430083438C /* EVProfileViewController.swift */,
				0CCAF23C1D3BF2240083438C /* EVProfileTableViewCell.swift */,
				0C0ADADA1C8F4A62004D8901 /* Provider.swift */,
				0CFCD5D71C9605E000BD878C /* User.swift */,
				0CFCD5D91C96144900BD878C /* Preference.swift */,
				0CFCD5DB1C961C5A00BD878C /* Evento.swift */,
				0CD9BFBF1C9777E90012F434 /* Friend.swift */,
				0CFCD5DD1C96216500BD878C /* Recomendation.swift */,
				0C6C3C201C8F483800B9D934 /* Main.storyboard */,
				0C6C3C231C8F483800B9D934 /* Assets.xcassets */,
				0C6C3C251C8F483800B9D934 /* LaunchScreen.storyboard */,
				0C6C3C281C8F483800B9D934 /* Info.plist */,
				0CF2BA941D3727A300F202B7 /* SupportingFiles */,
				0C780ED71C90E057003C9930 /* Bridging-header.h */,
			);
			path = Eventyk;
			sourceTree = "<group>";
		};
		0C6C3C301C8F483800B9D934 /* EventykTests */ = {
			isa = PBXGroup;
			children = (
				0C6C3C311C8F483800B9D934 /* EventykTests.swift */,
				0C6C3C331C8F483800B9D934 /* Info.plist */,
			);
			path = EventykTests;
			sourceTree = "<group>";
		};
		0C6C3C3B1C8F483800B9D934 /* EventykUITests */ = {
			isa = PBXGroup;
			children = (
				0C6C3C3C1C8F483800B9D934 /* EventykUITests.swift */,
				0C6C3C3E1C8F483800B9D934 /* Info.plist */,
			);
			path = EventykUITests;
			sourceTree = "<group>";
		};
		0CF2BA941D3727A300F202B7 /* SupportingFiles */ = {
			isa = PBXGroup;
			children = (
				0CCAF2381D3BE0F20083438C /* users.png */,
				0C9A28161D3AA67F002BCDD3 /* ArteyCultura.png */,
				0C9A28171D3AA67F002BCDD3 /* Cine.png */,
				0C9A28181D3AA67F002BCDD3 /* Deportes.png */,
				0C9A28191D3AA67F002BCDD3 /* Espectaculos.png */,
				0C9A281A1D3AA67F002BCDD3 /* Expo.png */,
				0C9A281B1D3AA67F002BCDD3 /* Festival.png */,
				0C9A281C1D3AA67F002BCDD3 /* Fiesta.png */,
				0C9A281D1D3AA67F002BCDD3 /* Runner.png */,
				0C9A281E1D3AA67F002BCDD3 /* Ryder.png */,
				0C9A281F1D3AA67F002BCDD3 /* Seminario.png */,
				0C9A28201D3AA67F002BCDD3 /* Social.png */,
				0C9A28211D3AA67F002BCDD3 /* Teatro.png */,
				0C4CB2AB1D3872DD003F686B /* like.png */,
				0C4CB2A71D383577003F686B /* delete-user-outlined-interface-symbol.png */,
				0C4CB2A81D383577003F686B /* internet.png */,
				0C933A521D3814FF008489FA /* calendar.png */,
				0CF2BA951D3727C900F202B7 /* login_wall.jpg */,
				0CF2BA921D37200D00F202B7 /* eventyk_register.png */,
				0C6C872D1D36BA85000AD753 /* eventyk_login.png */,
				0C0ADAE21C8F56D3004D8901 /* rsz_facebook.png */,
				0C0ADAE01C8F5441004D8901 /* logo.png */,
				0C0ADADC1C8F52B7004D8901 /* lgo-eventy1.png */,
			);
			name = SupportingFiles;
			sourceTree = "<group>";
		};
		2485D761FA36FAEB893A1969 /* Frameworks */ = {
			isa = PBXGroup;
			children = (
				0CECEA0F1D1CCDC40008CA2A /* QuartzCore.framework */,
				0C780ED81C90FAB0003C9930 /* FBSDKCoreKit.framework */,
				0C780ED91C90FAB0003C9930 /* FBSDKLoginKit.framework */,
				0C780EDA1C90FAB0003C9930 /* FBSDKShareKit.framework */,
				0C780ED51C90DE44003C9930 /* FBSDKShareKit.framework */,
				0C780ED31C90DE37003C9930 /* FBSDKLoginKit.framework */,
				0C780ED11C90DE29003C9930 /* FBSDKCoreKit.framework */,
				0C780ECF1C90DE0A003C9930 /* FacebookSDKs-iOS-20160210 */,
				832E42A3DDDB4E1B79D2A09C /* Pods.framework */,
			);
			name = Frameworks;
			sourceTree = "<group>";
		};
		C229BA5AA646BA729E44F725 /* Pods */ = {
			isa = PBXGroup;
			children = (
				3894443497805B45367E69EB /* Pods.debug.xcconfig */,
				F5BD908BBB78BDC42073160C /* Pods.release.xcconfig */,
			);
			name = Pods;
			sourceTree = "<group>";
		};
/* End PBXGroup section */

/* Begin PBXNativeTarget section */
		0C6C3C181C8F483800B9D934 /* Eventyk */ = {
			isa = PBXNativeTarget;
			buildConfigurationList = 0C6C3C411C8F483800B9D934 /* Build configuration list for PBXNativeTarget "Eventyk" */;
			buildPhases = (
				F22F60B8DB921B8F4879471E /* Check Pods Manifest.lock */,
				2E3A9530DFD3C9C6AA404F8E /* [CP] Check Pods Manifest.lock */,
				0C6C3C151C8F483800B9D934 /* Sources */,
				0C6C3C161C8F483800B9D934 /* Frameworks */,
				0C6C3C171C8F483800B9D934 /* Resources */,
				E6C262AA84113677DD137AC4 /* [CP] Embed Pods Frameworks */,
				B4009BF0B9BFF7AA04188AF2 /* [CP] Copy Pods Resources */,
				812B186E8D1D71CF628C6E9D /* Embed Pods Frameworks */,
				DBBCC568E98E624DBDDB6F13 /* Copy Pods Resources */,
			);
			buildRules = (
			);
			dependencies = (
			);
			name = Eventyk;
			productName = Eventyk;
			productReference = 0C6C3C191C8F483800B9D934 /* Eventyk.app */;
			productType = "com.apple.product-type.application";
		};
		0C6C3C2C1C8F483800B9D934 /* EventykTests */ = {
			isa = PBXNativeTarget;
			buildConfigurationList = 0C6C3C441C8F483800B9D934 /* Build configuration list for PBXNativeTarget "EventykTests" */;
			buildPhases = (
				A6125CDA9C582EBDE2084EA7 /* [CP] Check Pods Manifest.lock */,
				0C6C3C291C8F483800B9D934 /* Sources */,
				0C6C3C2A1C8F483800B9D934 /* Frameworks */,
				0C6C3C2B1C8F483800B9D934 /* Resources */,
				02E69CD4E6E9531CA7D22C6C /* [CP] Embed Pods Frameworks */,
				8AF22E95C732B51A0C06A7E6 /* [CP] Copy Pods Resources */,
			);
			buildRules = (
			);
			dependencies = (
				0C6C3C2F1C8F483800B9D934 /* PBXTargetDependency */,
			);
			name = EventykTests;
			productName = EventykTests;
			productReference = 0C6C3C2D1C8F483800B9D934 /* EventykTests.xctest */;
			productType = "com.apple.product-type.bundle.unit-test";
		};
		0C6C3C371C8F483800B9D934 /* EventykUITests */ = {
			isa = PBXNativeTarget;
			buildConfigurationList = 0C6C3C471C8F483800B9D934 /* Build configuration list for PBXNativeTarget "EventykUITests" */;
			buildPhases = (
				C3D97452832342EF22D92C27 /* [CP] Check Pods Manifest.lock */,
				0C6C3C341C8F483800B9D934 /* Sources */,
				0C6C3C351C8F483800B9D934 /* Frameworks */,
				0C6C3C361C8F483800B9D934 /* Resources */,
				CA96A4A6659BA498326E2521 /* [CP] Copy Pods Resources */,
			);
			buildRules = (
			);
			dependencies = (
				0C6C3C3A1C8F483800B9D934 /* PBXTargetDependency */,
			);
			name = EventykUITests;
			productName = EventykUITests;
			productReference = 0C6C3C381C8F483800B9D934 /* EventykUITests.xctest */;
			productType = "com.apple.product-type.bundle.ui-testing";
		};
/* End PBXNativeTarget section */

/* Begin PBXProject section */
		0C6C3C111C8F483800B9D934 /* Project object */ = {
			isa = PBXProject;
			attributes = {
				CLASSPREFIX = EV;
				LastSwiftUpdateCheck = 0720;
				LastUpgradeCheck = 0720;
				ORGANIZATIONNAME = Innovarco;
				TargetAttributes = {
					0C6C3C181C8F483800B9D934 = {
						CreatedOnToolsVersion = 7.2.1;
						DevelopmentTeam = ZEBV42FQW4;
					};
					0C6C3C2C1C8F483800B9D934 = {
						CreatedOnToolsVersion = 7.2.1;
						TestTargetID = 0C6C3C181C8F483800B9D934;
					};
					0C6C3C371C8F483800B9D934 = {
						CreatedOnToolsVersion = 7.2.1;
						TestTargetID = 0C6C3C181C8F483800B9D934;
					};
				};
			};
			buildConfigurationList = 0C6C3C141C8F483800B9D934 /* Build configuration list for PBXProject "Eventyk" */;
			compatibilityVersion = "Xcode 3.2";
			developmentRegion = English;
			hasScannedForEncodings = 0;
			knownRegions = (
				en,
				Base,
			);
			mainGroup = 0C6C3C101C8F483800B9D934;
			productRefGroup = 0C6C3C1A1C8F483800B9D934 /* Products */;
			projectDirPath = "";
			projectRoot = "";
			targets = (
				0C6C3C181C8F483800B9D934 /* Eventyk */,
				0C6C3C2C1C8F483800B9D934 /* EventykTests */,
				0C6C3C371C8F483800B9D934 /* EventykUITests */,
			);
		};
/* End PBXProject section */

/* Begin PBXResourcesBuildPhase section */
		0C6C3C171C8F483800B9D934 /* Resources */ = {
			isa = PBXResourcesBuildPhase;
			buildActionMask = 2147483647;
			files = (
				0C6C3C271C8F483800B9D934 /* LaunchScreen.storyboard in Resources */,
				0C9A28281D3AA67F002BCDD3 /* Fiesta.png in Resources */,
				0C9A28251D3AA67F002BCDD3 /* Espectaculos.png in Resources */,
				0C9A28291D3AA67F002BCDD3 /* Runner.png in Resources */,
				0C9A282B1D3AA67F002BCDD3 /* Seminario.png in Resources */,
				0CF2BA931D37200D00F202B7 /* eventyk_register.png in Resources */,
				0C0ADAE11C8F5441004D8901 /* logo.png in Resources */,
				0CF2BA961D3727C900F202B7 /* login_wall.jpg in Resources */,
				0C9A282C1D3AA67F002BCDD3 /* Social.png in Resources */,
				0C9A28221D3AA67F002BCDD3 /* ArteyCultura.png in Resources */,
				0CCAF2391D3BE0F20083438C /* users.png in Resources */,
				0C9A28241D3AA67F002BCDD3 /* Deportes.png in Resources */,
				0C4CB2AA1D383577003F686B /* internet.png in Resources */,
				0C6C872E1D36BA85000AD753 /* eventyk_login.png in Resources */,
				0C9A282D1D3AA67F002BCDD3 /* Teatro.png in Resources */,
				0C9A28261D3AA67F002BCDD3 /* Expo.png in Resources */,
				0C9A282A1D3AA67F002BCDD3 /* Ryder.png in Resources */,
				0C0ADADD1C8F52B7004D8901 /* lgo-eventy1.png in Resources */,
				0C0ADAE31C8F56D3004D8901 /* rsz_facebook.png in Resources */,
				0C933A531D3814FF008489FA /* calendar.png in Resources */,
				0C4CB2A91D383577003F686B /* delete-user-outlined-interface-symbol.png in Resources */,
				0C4CB2AC1D3872DD003F686B /* like.png in Resources */,
				0C9A28231D3AA67F002BCDD3 /* Cine.png in Resources */,
				0C6C3C241C8F483800B9D934 /* Assets.xcassets in Resources */,
				0C9A28271D3AA67F002BCDD3 /* Festival.png in Resources */,
				0C6C3C221C8F483800B9D934 /* Main.storyboard in Resources */,
			);
			runOnlyForDeploymentPostprocessing = 0;
		};
		0C6C3C2B1C8F483800B9D934 /* Resources */ = {
			isa = PBXResourcesBuildPhase;
			buildActionMask = 2147483647;
			files = (
			);
			runOnlyForDeploymentPostprocessing = 0;
		};
		0C6C3C361C8F483800B9D934 /* Resources */ = {
			isa = PBXResourcesBuildPhase;
			buildActionMask = 2147483647;
			files = (
			);
			runOnlyForDeploymentPostprocessing = 0;
		};
/* End PBXResourcesBuildPhase section */

/* Begin PBXShellScriptBuildPhase section */
		02E69CD4E6E9531CA7D22C6C /* [CP] Embed Pods Frameworks */ = {
			isa = PBXShellScriptBuildPhase;
			buildActionMask = 2147483647;
			files = (
			);
			inputPaths = (
			);
			name = "[CP] Embed Pods Frameworks";
			outputPaths = (
			);
			runOnlyForDeploymentPostprocessing = 0;
			shellPath = /bin/sh;
			shellScript = "\"${SRCROOT}/Pods/Target Support Files/Pods-EventykTests/Pods-EventykTests-frameworks.sh\"\n";
			showEnvVarsInLog = 0;
		};
		2E3A9530DFD3C9C6AA404F8E /* [CP] Check Pods Manifest.lock */ = {
			isa = PBXShellScriptBuildPhase;
			buildActionMask = 2147483647;
			files = (
			);
			inputPaths = (
			);
			name = "[CP] Check Pods Manifest.lock";
			outputPaths = (
			);
			runOnlyForDeploymentPostprocessing = 0;
			shellPath = /bin/sh;
			shellScript = "diff \"${PODS_ROOT}/../Podfile.lock\" \"${PODS_ROOT}/Manifest.lock\" > /dev/null\nif [[ $? != 0 ]] ; then\n    cat << EOM\nerror: The sandbox is not in sync with the Podfile.lock. Run 'pod install' or update your CocoaPods installation.\nEOM\n    exit 1\nfi\n";
			showEnvVarsInLog = 0;
		};
		812B186E8D1D71CF628C6E9D /* Embed Pods Frameworks */ = {
			isa = PBXShellScriptBuildPhase;
			buildActionMask = 2147483647;
			files = (
			);
			inputPaths = (
			);
			name = "Embed Pods Frameworks";
			outputPaths = (
			);
			runOnlyForDeploymentPostprocessing = 0;
			shellPath = /bin/sh;
			shellScript = "\"${SRCROOT}/Pods/Target Support Files/Pods/Pods-frameworks.sh\"\n";
			showEnvVarsInLog = 0;
		};
		8AF22E95C732B51A0C06A7E6 /* [CP] Copy Pods Resources */ = {
			isa = PBXShellScriptBuildPhase;
			buildActionMask = 2147483647;
			files = (
			);
			inputPaths = (
			);
			name = "[CP] Copy Pods Resources";
			outputPaths = (
			);
			runOnlyForDeploymentPostprocessing = 0;
			shellPath = /bin/sh;
			shellScript = "\"${SRCROOT}/Pods/Target Support Files/Pods-EventykTests/Pods-EventykTests-resources.sh\"\n";
			showEnvVarsInLog = 0;
		};
		A6125CDA9C582EBDE2084EA7 /* [CP] Check Pods Manifest.lock */ = {
			isa = PBXShellScriptBuildPhase;
			buildActionMask = 2147483647;
			files = (
			);
			inputPaths = (
			);
			name = "[CP] Check Pods Manifest.lock";
			outputPaths = (
			);
			runOnlyForDeploymentPostprocessing = 0;
			shellPath = /bin/sh;
			shellScript = "diff \"${PODS_ROOT}/../Podfile.lock\" \"${PODS_ROOT}/Manifest.lock\" > /dev/null\nif [[ $? != 0 ]] ; then\n    cat << EOM\nerror: The sandbox is not in sync with the Podfile.lock. Run 'pod install' or update your CocoaPods installation.\nEOM\n    exit 1\nfi\n";
			showEnvVarsInLog = 0;
		};
		B4009BF0B9BFF7AA04188AF2 /* [CP] Copy Pods Resources */ = {
			isa = PBXShellScriptBuildPhase;
			buildActionMask = 2147483647;
			files = (
			);
			inputPaths = (
			);
			name = "[CP] Copy Pods Resources";
			outputPaths = (
			);
			runOnlyForDeploymentPostprocessing = 0;
			shellPath = /bin/sh;
			shellScript = "\"${SRCROOT}/Pods/Target Support Files/Pods-Eventyk/Pods-Eventyk-resources.sh\"\n";
			showEnvVarsInLog = 0;
		};
		C3D97452832342EF22D92C27 /* [CP] Check Pods Manifest.lock */ = {
			isa = PBXShellScriptBuildPhase;
			buildActionMask = 2147483647;
			files = (
			);
			inputPaths = (
			);
			name = "[CP] Check Pods Manifest.lock";
			outputPaths = (
			);
			runOnlyForDeploymentPostprocessing = 0;
			shellPath = /bin/sh;
			shellScript = "diff \"${PODS_ROOT}/../Podfile.lock\" \"${PODS_ROOT}/Manifest.lock\" > /dev/null\nif [[ $? != 0 ]] ; then\n    cat << EOM\nerror: The sandbox is not in sync with the Podfile.lock. Run 'pod install' or update your CocoaPods installation.\nEOM\n    exit 1\nfi\n";
			showEnvVarsInLog = 0;
		};
		CA96A4A6659BA498326E2521 /* [CP] Copy Pods Resources */ = {
			isa = PBXShellScriptBuildPhase;
			buildActionMask = 2147483647;
			files = (
			);
			inputPaths = (
			);
			name = "[CP] Copy Pods Resources";
			outputPaths = (
			);
			runOnlyForDeploymentPostprocessing = 0;
			shellPath = /bin/sh;
			shellScript = "\"${SRCROOT}/Pods/Target Support Files/Pods-EventykUITests/Pods-EventykUITests-resources.sh\"\n";
			showEnvVarsInLog = 0;
		};
		DBBCC568E98E624DBDDB6F13 /* Copy Pods Resources */ = {
			isa = PBXShellScriptBuildPhase;
			buildActionMask = 2147483647;
			files = (
			);
			inputPaths = (
			);
			name = "Copy Pods Resources";
			outputPaths = (
			);
			runOnlyForDeploymentPostprocessing = 0;
			shellPath = /bin/sh;
			shellScript = "\"${SRCROOT}/Pods/Target Support Files/Pods/Pods-resources.sh\"\n";
			showEnvVarsInLog = 0;
		};
		E6C262AA84113677DD137AC4 /* [CP] Embed Pods Frameworks */ = {
			isa = PBXShellScriptBuildPhase;
			buildActionMask = 2147483647;
			files = (
			);
			inputPaths = (
			);
			name = "[CP] Embed Pods Frameworks";
			outputPaths = (
			);
			runOnlyForDeploymentPostprocessing = 0;
			shellPath = /bin/sh;
			shellScript = "\"${SRCROOT}/Pods/Target Support Files/Pods-Eventyk/Pods-Eventyk-frameworks.sh\"\n";
			showEnvVarsInLog = 0;
		};
		F22F60B8DB921B8F4879471E /* Check Pods Manifest.lock */ = {
			isa = PBXShellScriptBuildPhase;
			buildActionMask = 2147483647;
			files = (
			);
			inputPaths = (
			);
			name = "Check Pods Manifest.lock";
			outputPaths = (
			);
			runOnlyForDeploymentPostprocessing = 0;
			shellPath = /bin/sh;
			shellScript = "diff \"${PODS_ROOT}/../Podfile.lock\" \"${PODS_ROOT}/Manifest.lock\" > /dev/null\nif [[ $? != 0 ]] ; then\n    cat << EOM\nerror: The sandbox is not in sync with the Podfile.lock. Run 'pod install' or update your CocoaPods installation.\nEOM\n    exit 1\nfi\n";
			showEnvVarsInLog = 0;
		};
/* End PBXShellScriptBuildPhase section */

/* Begin PBXSourcesBuildPhase section */
		0C6C3C151C8F483800B9D934 /* Sources */ = {
			isa = PBXSourcesBuildPhase;
			buildActionMask = 2147483647;
			files = (
				0C9A282F1D3AB663002BCDD3 /* EVLikehoodEventViewController.swift in Sources */,
				0C4CB2B21D387BB9003F686B /* EVLikehoodViewController.swift in Sources */,
				0C0ADAE51C8F7B24004D8901 /* EVRegisterViewController.swift in Sources */,
				0CCAF23B1D3BE6430083438C /* EVProfileViewController.swift in Sources */,
				0C6C3C1F1C8F483800B9D934 /* ViewController.swift in Sources */,
				0C9C75631CA216030011571C /* EVHomeTableViewCell.swift in Sources */,
				0C0ADADB1C8F4A62004D8901 /* Provider.swift in Sources */,
				0CCAF2431D3C37EB0083438C /* EVParticipantsViewController.swift in Sources */,
				0C8C56E71D1EFC5000C683FB /* EVDetailsViewController.swift in Sources */,
				0CFCD5D81C9605E000BD878C /* User.swift in Sources */,
				0C4109971C9B156000968DE2 /* EVHomeViewController.swift in Sources */,
				0CFCD5DA1C96144900BD878C /* Preference.swift in Sources */,
				0CFCD5DC1C961C5A00BD878C /* Evento.swift in Sources */,
				0C4CB2B01D387AEA003F686B /* EVLikehoodCollectionViewCell.swift in Sources */,
				0CCAF23D1D3BF2240083438C /* EVProfileTableViewCell.swift in Sources */,
				0CD9BFC01C9777E90012F434 /* Friend.swift in Sources */,
				0CFCD5DE1C96216500BD878C /* Recomendation.swift in Sources */,
				0C6C3C1D1C8F483800B9D934 /* AppDelegate.swift in Sources */,
			);
			runOnlyForDeploymentPostprocessing = 0;
		};
		0C6C3C291C8F483800B9D934 /* Sources */ = {
			isa = PBXSourcesBuildPhase;
			buildActionMask = 2147483647;
			files = (
				0C6C3C321C8F483800B9D934 /* EventykTests.swift in Sources */,
			);
			runOnlyForDeploymentPostprocessing = 0;
		};
		0C6C3C341C8F483800B9D934 /* Sources */ = {
			isa = PBXSourcesBuildPhase;
			buildActionMask = 2147483647;
			files = (
				0C6C3C3D1C8F483800B9D934 /* EventykUITests.swift in Sources */,
			);
			runOnlyForDeploymentPostprocessing = 0;
		};
/* End PBXSourcesBuildPhase section */

/* Begin PBXTargetDependency section */
		0C6C3C2F1C8F483800B9D934 /* PBXTargetDependency */ = {
			isa = PBXTargetDependency;
			target = 0C6C3C181C8F483800B9D934 /* Eventyk */;
			targetProxy = 0C6C3C2E1C8F483800B9D934 /* PBXContainerItemProxy */;
		};
		0C6C3C3A1C8F483800B9D934 /* PBXTargetDependency */ = {
			isa = PBXTargetDependency;
			target = 0C6C3C181C8F483800B9D934 /* Eventyk */;
			targetProxy = 0C6C3C391C8F483800B9D934 /* PBXContainerItemProxy */;
		};
/* End PBXTargetDependency section */

/* Begin PBXVariantGroup section */
		0C6C3C201C8F483800B9D934 /* Main.storyboard */ = {
			isa = PBXVariantGroup;
			children = (
				0C6C3C211C8F483800B9D934 /* Base */,
			);
			name = Main.storyboard;
			sourceTree = "<group>";
		};
		0C6C3C251C8F483800B9D934 /* LaunchScreen.storyboard */ = {
			isa = PBXVariantGroup;
			children = (
				0C6C3C261C8F483800B9D934 /* Base */,
			);
			name = LaunchScreen.storyboard;
			sourceTree = "<group>";
		};
/* End PBXVariantGroup section */

/* Begin XCBuildConfiguration section */
		0C6C3C3F1C8F483800B9D934 /* Debug */ = {
			isa = XCBuildConfiguration;
			buildSettings = {
				ALWAYS_SEARCH_USER_PATHS = NO;
				CLANG_CXX_LANGUAGE_STANDARD = "gnu++0x";
				CLANG_CXX_LIBRARY = "libc++";
				CLANG_ENABLE_MODULES = YES;
				CLANG_ENABLE_OBJC_ARC = YES;
				CLANG_WARN_BOOL_CONVERSION = YES;
				CLANG_WARN_CONSTANT_CONVERSION = YES;
				CLANG_WARN_DIRECT_OBJC_ISA_USAGE = YES_ERROR;
				CLANG_WARN_EMPTY_BODY = YES;
				CLANG_WARN_ENUM_CONVERSION = YES;
				CLANG_WARN_INT_CONVERSION = YES;
				CLANG_WARN_OBJC_ROOT_CLASS = YES_ERROR;
				CLANG_WARN_UNREACHABLE_CODE = YES;
				CLANG_WARN__DUPLICATE_METHOD_MATCH = YES;
				"CODE_SIGN_IDENTITY[sdk=iphoneos*]" = "iPhone Developer";
				COPY_PHASE_STRIP = NO;
				DEBUG_INFORMATION_FORMAT = dwarf;
				ENABLE_STRICT_OBJC_MSGSEND = YES;
				ENABLE_TESTABILITY = YES;
				GCC_C_LANGUAGE_STANDARD = gnu99;
				GCC_DYNAMIC_NO_PIC = NO;
				GCC_NO_COMMON_BLOCKS = YES;
				GCC_OPTIMIZATION_LEVEL = 0;
				GCC_PREPROCESSOR_DEFINITIONS = (
					"DEBUG=1",
					"$(inherited)",
				);
				GCC_WARN_64_TO_32_BIT_CONVERSION = YES;
				GCC_WARN_ABOUT_RETURN_TYPE = YES_ERROR;
				GCC_WARN_UNDECLARED_SELECTOR = YES;
				GCC_WARN_UNINITIALIZED_AUTOS = YES_AGGRESSIVE;
				GCC_WARN_UNUSED_FUNCTION = YES;
				GCC_WARN_UNUSED_VARIABLE = YES;
				IPHONEOS_DEPLOYMENT_TARGET = 9.2;
				MTL_ENABLE_DEBUG_INFO = YES;
				ONLY_ACTIVE_ARCH = YES;
				SDKROOT = iphoneos;
				SWIFT_OPTIMIZATION_LEVEL = "-Onone";
			};
			name = Debug;
		};
		0C6C3C401C8F483800B9D934 /* Release */ = {
			isa = XCBuildConfiguration;
			buildSettings = {
				ALWAYS_SEARCH_USER_PATHS = NO;
				CLANG_CXX_LANGUAGE_STANDARD = "gnu++0x";
				CLANG_CXX_LIBRARY = "libc++";
				CLANG_ENABLE_MODULES = YES;
				CLANG_ENABLE_OBJC_ARC = YES;
				CLANG_WARN_BOOL_CONVERSION = YES;
				CLANG_WARN_CONSTANT_CONVERSION = YES;
				CLANG_WARN_DIRECT_OBJC_ISA_USAGE = YES_ERROR;
				CLANG_WARN_EMPTY_BODY = YES;
				CLANG_WARN_ENUM_CONVERSION = YES;
				CLANG_WARN_INT_CONVERSION = YES;
				CLANG_WARN_OBJC_ROOT_CLASS = YES_ERROR;
				CLANG_WARN_UNREACHABLE_CODE = YES;
				CLANG_WARN__DUPLICATE_METHOD_MATCH = YES;
				"CODE_SIGN_IDENTITY[sdk=iphoneos*]" = "iPhone Developer";
				COPY_PHASE_STRIP = NO;
				DEBUG_INFORMATION_FORMAT = "dwarf-with-dsym";
				ENABLE_NS_ASSERTIONS = NO;
				ENABLE_STRICT_OBJC_MSGSEND = YES;
				GCC_C_LANGUAGE_STANDARD = gnu99;
				GCC_NO_COMMON_BLOCKS = YES;
				GCC_WARN_64_TO_32_BIT_CONVERSION = YES;
				GCC_WARN_ABOUT_RETURN_TYPE = YES_ERROR;
				GCC_WARN_UNDECLARED_SELECTOR = YES;
				GCC_WARN_UNINITIALIZED_AUTOS = YES_AGGRESSIVE;
				GCC_WARN_UNUSED_FUNCTION = YES;
				GCC_WARN_UNUSED_VARIABLE = YES;
				IPHONEOS_DEPLOYMENT_TARGET = 9.2;
				MTL_ENABLE_DEBUG_INFO = NO;
				SDKROOT = iphoneos;
				VALIDATE_PRODUCT = YES;
			};
			name = Release;
		};
		0C6C3C421C8F483800B9D934 /* Debug */ = {
			isa = XCBuildConfiguration;
			baseConfigurationReference = 3894443497805B45367E69EB /* Pods.debug.xcconfig */;
			buildSettings = {
				ASSETCATALOG_COMPILER_APPICON_NAME = AppIcon;
				CODE_SIGN_IDENTITY = "iPhone Developer";
				FRAMEWORK_SEARCH_PATHS = (
					"$(inherited)",
					"$(PROJECT_DIR)/FacebookSDKs-iOS-20160210",
				);
				INFOPLIST_FILE = Eventyk/Info.plist;
				LD_RUNPATH_SEARCH_PATHS = "$(inherited) @executable_path/Frameworks";
				PRODUCT_BUNDLE_IDENTIFIER = com.Innovarco.Eventyk;
				PRODUCT_NAME = "$(TARGET_NAME)";
				SWIFT_OBJC_BRIDGING_HEADER = "Eventyk/Bridging-header.h";
			};
			name = Debug;
		};
		0C6C3C431C8F483800B9D934 /* Release */ = {
			isa = XCBuildConfiguration;
			baseConfigurationReference = F5BD908BBB78BDC42073160C /* Pods.release.xcconfig */;
			buildSettings = {
				ASSETCATALOG_COMPILER_APPICON_NAME = AppIcon;
				CODE_SIGN_IDENTITY = "iPhone Developer";
				FRAMEWORK_SEARCH_PATHS = (
					"$(inherited)",
					"$(PROJECT_DIR)/FacebookSDKs-iOS-20160210",
				);
				INFOPLIST_FILE = Eventyk/Info.plist;
				LD_RUNPATH_SEARCH_PATHS = "$(inherited) @executable_path/Frameworks";
				PRODUCT_BUNDLE_IDENTIFIER = com.Innovarco.Eventyk;
				PRODUCT_NAME = "$(TARGET_NAME)";
				SWIFT_OBJC_BRIDGING_HEADER = "Eventyk/Bridging-header.h";
			};
			name = Release;
		};
		0C6C3C451C8F483800B9D934 /* Debug */ = {
			isa = XCBuildConfiguration;
			buildSettings = {
				BUNDLE_LOADER = "$(TEST_HOST)";
				INFOPLIST_FILE = EventykTests/Info.plist;
				LD_RUNPATH_SEARCH_PATHS = "$(inherited) @executable_path/Frameworks @loader_path/Frameworks";
				PRODUCT_BUNDLE_IDENTIFIER = com.Innovarco.EventykTests;
				PRODUCT_NAME = "$(TARGET_NAME)";
				TEST_HOST = "$(BUILT_PRODUCTS_DIR)/Eventyk.app/Eventyk";
			};
			name = Debug;
		};
		0C6C3C461C8F483800B9D934 /* Release */ = {
			isa = XCBuildConfiguration;
			buildSettings = {
				BUNDLE_LOADER = "$(TEST_HOST)";
				INFOPLIST_FILE = EventykTests/Info.plist;
				LD_RUNPATH_SEARCH_PATHS = "$(inherited) @executable_path/Frameworks @loader_path/Frameworks";
				PRODUCT_BUNDLE_IDENTIFIER = com.Innovarco.EventykTests;
				PRODUCT_NAME = "$(TARGET_NAME)";
				TEST_HOST = "$(BUILT_PRODUCTS_DIR)/Eventyk.app/Eventyk";
			};
			name = Release;
		};
		0C6C3C481C8F483800B9D934 /* Debug */ = {
			isa = XCBuildConfiguration;
			buildSettings = {
				INFOPLIST_FILE = EventykUITests/Info.plist;
				LD_RUNPATH_SEARCH_PATHS = "$(inherited) @executable_path/Frameworks @loader_path/Frameworks";
				PRODUCT_BUNDLE_IDENTIFIER = com.Innovarco.EventykUITests;
				PRODUCT_NAME = "$(TARGET_NAME)";
				TEST_TARGET_NAME = Eventyk;
				USES_XCTRUNNER = YES;
			};
			name = Debug;
		};
		0C6C3C491C8F483800B9D934 /* Release */ = {
			isa = XCBuildConfiguration;
			buildSettings = {
				INFOPLIST_FILE = EventykUITests/Info.plist;
				LD_RUNPATH_SEARCH_PATHS = "$(inherited) @executable_path/Frameworks @loader_path/Frameworks";
				PRODUCT_BUNDLE_IDENTIFIER = com.Innovarco.EventykUITests;
				PRODUCT_NAME = "$(TARGET_NAME)";
				TEST_TARGET_NAME = Eventyk;
				USES_XCTRUNNER = YES;
			};
			name = Release;
		};
/* End XCBuildConfiguration section */

/* Begin XCConfigurationList section */
		0C6C3C141C8F483800B9D934 /* Build configuration list for PBXProject "Eventyk" */ = {
			isa = XCConfigurationList;
			buildConfigurations = (
				0C6C3C3F1C8F483800B9D934 /* Debug */,
				0C6C3C401C8F483800B9D934 /* Release */,
			);
			defaultConfigurationIsVisible = 0;
			defaultConfigurationName = Release;
		};
		0C6C3C411C8F483800B9D934 /* Build configuration list for PBXNativeTarget "Eventyk" */ = {
			isa = XCConfigurationList;
			buildConfigurations = (
				0C6C3C421C8F483800B9D934 /* Debug */,
				0C6C3C431C8F483800B9D934 /* Release */,
			);
			defaultConfigurationIsVisible = 0;
			defaultConfigurationName = Release;
		};
		0C6C3C441C8F483800B9D934 /* Build configuration list for PBXNativeTarget "EventykTests" */ = {
			isa = XCConfigurationList;
			buildConfigurations = (
				0C6C3C451C8F483800B9D934 /* Debug */,
				0C6C3C461C8F483800B9D934 /* Release */,
			);
			defaultConfigurationIsVisible = 0;
			defaultConfigurationName = Release;
		};
		0C6C3C471C8F483800B9D934 /* Build configuration list for PBXNativeTarget "EventykUITests" */ = {
			isa = XCConfigurationList;
			buildConfigurations = (
				0C6C3C481C8F483800B9D934 /* Debug */,
				0C6C3C491C8F483800B9D934 /* Release */,
			);
			defaultConfigurationIsVisible = 0;
			defaultConfigurationName = Release;
		};
/* End XCConfigurationList section */
	};
	rootObject = 0C6C3C111C8F483800B9D934 /* Project object */;
}
